
Microsoft Visual Studio Solution File, Format Version 12.00
# Visual Studio Version 17
VisualStudioVersion = 17.2.32616.157
MinimumVisualStudioVersion = 10.0.40219.1
Project("{2150E333-8FDC-42A3-9474-1A3956D46DE8}") = "Services", "Services", "{873D76DF-27AC-4396-94A8-0000F7E9E21F}"
EndProject
Project("{2150E333-8FDC-42A3-9474-1A3956D46DE8}") = "SolutionItems", "SolutionItems", "{2D59C707-C2F5-46DB-97A6-C088C429061C}"
	ProjectSection(SolutionItems) = preProject
		.gitignore = .gitignore
		dependencies.props = dependencies.props
		Directory.Build.props = Directory.Build.props
		LICENSE = LICENSE
		README.md = README.md
	EndProjectSection
EndProject
Project("{9A19103F-16F7-4668-BE54-9A1E7A4F7556}") = "Catalog.API", "services\catalog\src\Catalog.API\Catalog.API.csproj", "{AEB3A80A-8E84-47B2-98CA-8C51D6884302}"
EndProject
Project("{E53339B2-1760-4266-BCC7-CA923CBCF16C}") = "docker-compose", "docker-compose.dcproj", "{1510DE67-B9AB-49E4-8553-3DBF38C0A8DC}"
EndProject
Project("{9A19103F-16F7-4668-BE54-9A1E7A4F7556}") = "Basket.API", "services\basket\src\Basket.API\Basket.API.csproj", "{C0D39E46-00F6-4756-870C-F3A779D25E6D}"
EndProject
Project("{2150E333-8FDC-42A3-9474-1A3956D46DE8}") = "basket", "basket", "{E67CF4B0-69C5-49D1-8478-3B5795FA4510}"
EndProject
Project("{2150E333-8FDC-42A3-9474-1A3956D46DE8}") = "tests", "tests", "{1A29D894-8D2B-4BEC-9135-0D2E21187F76}"
EndProject
Project("{2150E333-8FDC-42A3-9474-1A3956D46DE8}") = "catalog", "catalog", "{17BE2FC6-0A74-4BC7-8BAD-9B461662982C}"
EndProject
Project("{2150E333-8FDC-42A3-9474-1A3956D46DE8}") = "tests", "tests", "{06403847-E6FE-4D03-87ED-7FE15FA81056}"
EndProject
Project("{2150E333-8FDC-42A3-9474-1A3956D46DE8}") = "discount", "discount", "{E787481B-5EC9-4305-8370-398934C1F7FE}"
EndProject
Project("{9A19103F-16F7-4668-BE54-9A1E7A4F7556}") = "Discount.API", "services\discount\src\Discount.API\Discount.API.csproj", "{62D6EAB1-364F-4745-8FDA-84FA970E237B}"
EndProject
Project("{9A19103F-16F7-4668-BE54-9A1E7A4F7556}") = "Discount.Grpc", "services\discount\src\Discount.Grpc\Discount.Grpc.csproj", "{91A4FED4-4BFD-4E12-9F65-62869A53DE96}"
EndProject
Project("{9A19103F-16F7-4668-BE54-9A1E7A4F7556}") = "Discount.Common", "services\discount\src\Discount.Common\Discount.Common.csproj", "{C31FD50A-DF4A-42A9-A369-0B0CDB9950C1}"
EndProject
Project("{9A19103F-16F7-4668-BE54-9A1E7A4F7556}") = "Basket.API.UnitTests", "services\basket\tests\Basket.API.UnitTests\Basket.API.UnitTests.csproj", "{391D2C4F-DCBB-4CA5-8B99-D8210A2871D6}"
EndProject
Project("{2150E333-8FDC-42A3-9474-1A3956D46DE8}") = "orders", "orders", "{6EF8642A-1414-458B-815C-D00C77D3743E}"
EndProject
Project("{FAE04EC0-301F-11D3-BF4B-00C04F79EFBC}") = "Orders.API", "services\orders\src\Orders.API\Orders.API.csproj", "{30CFEA42-E655-4887-9625-60FCE857F1A0}"
EndProject
Project("{FAE04EC0-301F-11D3-BF4B-00C04F79EFBC}") = "Orders.Domain", "services\orders\src\Orders.Domain\Orders.Domain.csproj", "{BE39F35D-DA3D-4F3B-B6C1-7A6F62074607}"
EndProject
Project("{FAE04EC0-301F-11D3-BF4B-00C04F79EFBC}") = "Orders.Application", "services\orders\src\Orders.Application\Orders.Application.csproj", "{B1D96DB5-2EED-4E59-8976-2F3F43CCB2CB}"
EndProject
Project("{FAE04EC0-301F-11D3-BF4B-00C04F79EFBC}") = "Orders.Infrastructure", "services\orders\src\Orders.Infrastructure\Orders.Infrastructure.csproj", "{113C616F-6D4F-4CC4-8B1E-81C48DA42DBE}"
EndProject
Global
	GlobalSection(SolutionConfigurationPlatforms) = preSolution
		Debug|Any CPU = Debug|Any CPU
		Release|Any CPU = Release|Any CPU
	EndGlobalSection
	GlobalSection(ProjectConfigurationPlatforms) = postSolution
		{AEB3A80A-8E84-47B2-98CA-8C51D6884302}.Debug|Any CPU.ActiveCfg = Debug|Any CPU
		{AEB3A80A-8E84-47B2-98CA-8C51D6884302}.Debug|Any CPU.Build.0 = Debug|Any CPU
		{AEB3A80A-8E84-47B2-98CA-8C51D6884302}.Release|Any CPU.ActiveCfg = Release|Any CPU
		{AEB3A80A-8E84-47B2-98CA-8C51D6884302}.Release|Any CPU.Build.0 = Release|Any CPU
		{1510DE67-B9AB-49E4-8553-3DBF38C0A8DC}.Debug|Any CPU.ActiveCfg = Debug|Any CPU
		{1510DE67-B9AB-49E4-8553-3DBF38C0A8DC}.Debug|Any CPU.Build.0 = Debug|Any CPU
		{1510DE67-B9AB-49E4-8553-3DBF38C0A8DC}.Release|Any CPU.ActiveCfg = Release|Any CPU
		{1510DE67-B9AB-49E4-8553-3DBF38C0A8DC}.Release|Any CPU.Build.0 = Release|Any CPU
		{C0D39E46-00F6-4756-870C-F3A779D25E6D}.Debug|Any CPU.ActiveCfg = Debug|Any CPU
		{C0D39E46-00F6-4756-870C-F3A779D25E6D}.Debug|Any CPU.Build.0 = Debug|Any CPU
		{C0D39E46-00F6-4756-870C-F3A779D25E6D}.Release|Any CPU.ActiveCfg = Release|Any CPU
		{C0D39E46-00F6-4756-870C-F3A779D25E6D}.Release|Any CPU.Build.0 = Release|Any CPU
		{62D6EAB1-364F-4745-8FDA-84FA970E237B}.Debug|Any CPU.ActiveCfg = Debug|Any CPU
		{62D6EAB1-364F-4745-8FDA-84FA970E237B}.Debug|Any CPU.Build.0 = Debug|Any CPU
		{62D6EAB1-364F-4745-8FDA-84FA970E237B}.Release|Any CPU.ActiveCfg = Release|Any CPU
		{62D6EAB1-364F-4745-8FDA-84FA970E237B}.Release|Any CPU.Build.0 = Release|Any CPU
		{91A4FED4-4BFD-4E12-9F65-62869A53DE96}.Debug|Any CPU.ActiveCfg = Debug|Any CPU
		{91A4FED4-4BFD-4E12-9F65-62869A53DE96}.Debug|Any CPU.Build.0 = Debug|Any CPU
		{91A4FED4-4BFD-4E12-9F65-62869A53DE96}.Release|Any CPU.ActiveCfg = Release|Any CPU
		{91A4FED4-4BFD-4E12-9F65-62869A53DE96}.Release|Any CPU.Build.0 = Release|Any CPU
		{C31FD50A-DF4A-42A9-A369-0B0CDB9950C1}.Debug|Any CPU.ActiveCfg = Debug|Any CPU
		{C31FD50A-DF4A-42A9-A369-0B0CDB9950C1}.Debug|Any CPU.Build.0 = Debug|Any CPU
		{C31FD50A-DF4A-42A9-A369-0B0CDB9950C1}.Release|Any CPU.ActiveCfg = Release|Any CPU
		{C31FD50A-DF4A-42A9-A369-0B0CDB9950C1}.Release|Any CPU.Build.0 = Release|Any CPU
		{391D2C4F-DCBB-4CA5-8B99-D8210A2871D6}.Debug|Any CPU.ActiveCfg = Debug|Any CPU
		{391D2C4F-DCBB-4CA5-8B99-D8210A2871D6}.Debug|Any CPU.Build.0 = Debug|Any CPU
		{391D2C4F-DCBB-4CA5-8B99-D8210A2871D6}.Release|Any CPU.ActiveCfg = Release|Any CPU
		{391D2C4F-DCBB-4CA5-8B99-D8210A2871D6}.Release|Any CPU.Build.0 = Release|Any CPU
		{30CFEA42-E655-4887-9625-60FCE857F1A0}.Debug|Any CPU.ActiveCfg = Debug|Any CPU
		{30CFEA42-E655-4887-9625-60FCE857F1A0}.Debug|Any CPU.Build.0 = Debug|Any CPU
		{30CFEA42-E655-4887-9625-60FCE857F1A0}.Release|Any CPU.ActiveCfg = Release|Any CPU
		{30CFEA42-E655-4887-9625-60FCE857F1A0}.Release|Any CPU.Build.0 = Release|Any CPU
		{BE39F35D-DA3D-4F3B-B6C1-7A6F62074607}.Debug|Any CPU.ActiveCfg = Debug|Any CPU
		{BE39F35D-DA3D-4F3B-B6C1-7A6F62074607}.Debug|Any CPU.Build.0 = Debug|Any CPU
		{BE39F35D-DA3D-4F3B-B6C1-7A6F62074607}.Release|Any CPU.ActiveCfg = Release|Any CPU
		{BE39F35D-DA3D-4F3B-B6C1-7A6F62074607}.Release|Any CPU.Build.0 = Release|Any CPU
		{B1D96DB5-2EED-4E59-8976-2F3F43CCB2CB}.Debug|Any CPU.ActiveCfg = Debug|Any CPU
		{B1D96DB5-2EED-4E59-8976-2F3F43CCB2CB}.Debug|Any CPU.Build.0 = Debug|Any CPU
		{B1D96DB5-2EED-4E59-8976-2F3F43CCB2CB}.Release|Any CPU.ActiveCfg = Release|Any CPU
		{B1D96DB5-2EED-4E59-8976-2F3F43CCB2CB}.Release|Any CPU.Build.0 = Release|Any CPU
		{113C616F-6D4F-4CC4-8B1E-81C48DA42DBE}.Debug|Any CPU.ActiveCfg = Debug|Any CPU
		{113C616F-6D4F-4CC4-8B1E-81C48DA42DBE}.Debug|Any CPU.Build.0 = Debug|Any CPU
		{113C616F-6D4F-4CC4-8B1E-81C48DA42DBE}.Release|Any CPU.ActiveCfg = Release|Any CPU
		{113C616F-6D4F-4CC4-8B1E-81C48DA42DBE}.Release|Any CPU.Build.0 = Release|Any CPU
	EndGlobalSection
	GlobalSection(SolutionProperties) = preSolution
		HideSolutionNode = FALSE
	EndGlobalSection
	GlobalSection(NestedProjects) = preSolution
		{AEB3A80A-8E84-47B2-98CA-8C51D6884302} = {17BE2FC6-0A74-4BC7-8BAD-9B461662982C}
		{C0D39E46-00F6-4756-870C-F3A779D25E6D} = {E67CF4B0-69C5-49D1-8478-3B5795FA4510}
		{E67CF4B0-69C5-49D1-8478-3B5795FA4510} = {873D76DF-27AC-4396-94A8-0000F7E9E21F}
		{1A29D894-8D2B-4BEC-9135-0D2E21187F76} = {E67CF4B0-69C5-49D1-8478-3B5795FA4510}
		{17BE2FC6-0A74-4BC7-8BAD-9B461662982C} = {873D76DF-27AC-4396-94A8-0000F7E9E21F}
		{06403847-E6FE-4D03-87ED-7FE15FA81056} = {17BE2FC6-0A74-4BC7-8BAD-9B461662982C}
		{E787481B-5EC9-4305-8370-398934C1F7FE} = {873D76DF-27AC-4396-94A8-0000F7E9E21F}
		{62D6EAB1-364F-4745-8FDA-84FA970E237B} = {E787481B-5EC9-4305-8370-398934C1F7FE}
		{91A4FED4-4BFD-4E12-9F65-62869A53DE96} = {E787481B-5EC9-4305-8370-398934C1F7FE}
		{C31FD50A-DF4A-42A9-A369-0B0CDB9950C1} = {E787481B-5EC9-4305-8370-398934C1F7FE}
		{391D2C4F-DCBB-4CA5-8B99-D8210A2871D6} = {1A29D894-8D2B-4BEC-9135-0D2E21187F76}
		{6EF8642A-1414-458B-815C-D00C77D3743E} = {873D76DF-27AC-4396-94A8-0000F7E9E21F}
		{30CFEA42-E655-4887-9625-60FCE857F1A0} = {6EF8642A-1414-458B-815C-D00C77D3743E}
		{BE39F35D-DA3D-4F3B-B6C1-7A6F62074607} = {6EF8642A-1414-458B-815C-D00C77D3743E}
		{B1D96DB5-2EED-4E59-8976-2F3F43CCB2CB} = {6EF8642A-1414-458B-815C-D00C77D3743E}
		{113C616F-6D4F-4CC4-8B1E-81C48DA42DBE} = {6EF8642A-1414-458B-815C-D00C77D3743E}
	EndGlobalSection
	GlobalSection(ExtensibilityGlobals) = postSolution
		SolutionGuid = {71343EEA-8C63-4F98-BE84-48BBF7A79CDD}
	EndGlobalSection
EndGlobal
